
Microsoft Visual Studio Solution File, Format Version 12.00
# Visual Studio 14
VisualStudioVersion = 14.0.25420.1
MinimumVisualStudioVersion = 10.0.40219.1
Project("{FAE04EC0-301F-11D3-BF4B-00C04F79EFBC}") = "dragonfly.main", "dragonfly.main\dragonfly.main.csproj", "{CC6A99C8-6A66-4059-AF43-F8229E3A3DFD}"
EndProject
Project("{FAE04EC0-301F-11D3-BF4B-00C04F79EFBC}") = "dragonfly.common", "dragonfly.common\dragonfly.common.csproj", "{9A72322C-0EF7-4A3E-BF03-7C4D7B944753}"
EndProject
Project("{FAE04EC0-301F-11D3-BF4B-00C04F79EFBC}") = "plugin.chalk", "plugins\chalk\plugin.chalk\plugin.chalk.csproj", "{5CDC5975-E941-470F-90A2-77972F8824E6}"
EndProject
Project("{FAE04EC0-301F-11D3-BF4B-00C04F79EFBC}") = "plugin.updater", "plugins\updater\plugin.updater\plugin.updater.csproj", "{13456848-007A-49B1-A7F3-184E9CF86336}"
EndProject
Project("{FAE04EC0-301F-11D3-BF4B-00C04F79EFBC}") = "autoupdater", "plugins\updater\autoupdater\autoupdater.csproj", "{7C64F7CC-4221-44DC-9528-62E869081504}"
EndProject
Project("{FAE04EC0-301F-11D3-BF4B-00C04F79EFBC}") = "plugin.task", "plugins\task\plugin.task\plugin.task.csproj", "{892EC103-467F-41A7-A337-A517406DAD3B}"
EndProject
Project("{FAE04EC0-301F-11D3-BF4B-00C04F79EFBC}") = "questions.core", "plugins\task\questions.core\questions.core.csproj", "{D9AA2AAF-BF0F-4423-AD84-6AC81783C004}"
EndProject
Project("{FAE04EC0-301F-11D3-BF4B-00C04F79EFBC}") = "questions.creator", "plugins\task\questions.creator\questions.creator.csproj", "{E14544DC-AAAD-477F-8B3D-F4D7F14DB537}"
EndProject
Project("{FAE04EC0-301F-11D3-BF4B-00C04F79EFBC}") = "questions.notify", "plugins\task\questions.notify\questions.notify.csproj", "{2AE1F678-D2A7-47D5-AF0E-D0FA90140A28}"
EndProject
Project("{FAE04EC0-301F-11D3-BF4B-00C04F79EFBC}") = "simple.notify", "plugins\task\simple.notify\simple.notify.csproj", "{CEE429BC-800E-4F64-817B-AE98E0F2DCAB}"
EndProject
Project("{FAE04EC0-301F-11D3-BF4B-00C04F79EFBC}") = "task.core", "plugins\task\task.core\task.core.csproj", "{8BB4888F-1DA8-41A6-9B53-37A363F27B98}"
EndProject
Project("{FAE04EC0-301F-11D3-BF4B-00C04F79EFBC}") = "plugin.grid_trading", "plugins\grid_trading\plugin.grid_trading\plugin.grid_trading.csproj", "{617D4139-7B43-4B3E-9511-89BBA50003C5}"
EndProject
Global
	GlobalSection(SolutionConfigurationPlatforms) = preSolution
		Debug|Any CPU = Debug|Any CPU
		Release|Any CPU = Release|Any CPU
	EndGlobalSection
	GlobalSection(ProjectConfigurationPlatforms) = postSolution
		{CC6A99C8-6A66-4059-AF43-F8229E3A3DFD}.Debug|Any CPU.ActiveCfg = Debug|Any CPU
		{CC6A99C8-6A66-4059-AF43-F8229E3A3DFD}.Debug|Any CPU.Build.0 = Debug|Any CPU
		{CC6A99C8-6A66-4059-AF43-F8229E3A3DFD}.Release|Any CPU.ActiveCfg = Release|Any CPU
		{CC6A99C8-6A66-4059-AF43-F8229E3A3DFD}.Release|Any CPU.Build.0 = Release|Any CPU
		{9A72322C-0EF7-4A3E-BF03-7C4D7B944753}.Debug|Any CPU.ActiveCfg = Debug|Any CPU
		{9A72322C-0EF7-4A3E-BF03-7C4D7B944753}.Debug|Any CPU.Build.0 = Debug|Any CPU
		{9A72322C-0EF7-4A3E-BF03-7C4D7B944753}.Release|Any CPU.ActiveCfg = Release|Any CPU
		{9A72322C-0EF7-4A3E-BF03-7C4D7B944753}.Release|Any CPU.Build.0 = Release|Any CPU
		{5CDC5975-E941-470F-90A2-77972F8824E6}.Debug|Any CPU.ActiveCfg = Debug|Any CPU
		{5CDC5975-E941-470F-90A2-77972F8824E6}.Debug|Any CPU.Build.0 = Debug|Any CPU
		{5CDC5975-E941-470F-90A2-77972F8824E6}.Release|Any CPU.ActiveCfg = Release|Any CPU
		{5CDC5975-E941-470F-90A2-77972F8824E6}.Release|Any CPU.Build.0 = Release|Any CPU
		{13456848-007A-49B1-A7F3-184E9CF86336}.Debug|Any CPU.ActiveCfg = Debug|Any CPU
		{13456848-007A-49B1-A7F3-184E9CF86336}.Debug|Any CPU.Build.0 = Debug|Any CPU
		{13456848-007A-49B1-A7F3-184E9CF86336}.Release|Any CPU.ActiveCfg = Release|Any CPU
		{13456848-007A-49B1-A7F3-184E9CF86336}.Release|Any CPU.Build.0 = Release|Any CPU
		{7C64F7CC-4221-44DC-9528-62E869081504}.Debug|Any CPU.ActiveCfg = Debug|Any CPU
		{7C64F7CC-4221-44DC-9528-62E869081504}.Debug|Any CPU.Build.0 = Debug|Any CPU
		{7C64F7CC-4221-44DC-9528-62E869081504}.Release|Any CPU.ActiveCfg = Release|Any CPU
		{7C64F7CC-4221-44DC-9528-62E869081504}.Release|Any CPU.Build.0 = Release|Any CPU
		{892EC103-467F-41A7-A337-A517406DAD3B}.Debug|Any CPU.ActiveCfg = Debug|Any CPU
		{892EC103-467F-41A7-A337-A517406DAD3B}.Debug|Any CPU.Build.0 = Debug|Any CPU
		{892EC103-467F-41A7-A337-A517406DAD3B}.Release|Any CPU.ActiveCfg = Release|Any CPU
		{892EC103-467F-41A7-A337-A517406DAD3B}.Release|Any CPU.Build.0 = Release|Any CPU
		{D9AA2AAF-BF0F-4423-AD84-6AC81783C004}.Debug|Any CPU.ActiveCfg = Debug|Any CPU
		{D9AA2AAF-BF0F-4423-AD84-6AC81783C004}.Debug|Any CPU.Build.0 = Debug|Any CPU
		{D9AA2AAF-BF0F-4423-AD84-6AC81783C004}.Release|Any CPU.ActiveCfg = Release|Any CPU
		{D9AA2AAF-BF0F-4423-AD84-6AC81783C004}.Release|Any CPU.Build.0 = Release|Any CPU
		{E14544DC-AAAD-477F-8B3D-F4D7F14DB537}.Debug|Any CPU.ActiveCfg = Debug|Any CPU
		{E14544DC-AAAD-477F-8B3D-F4D7F14DB537}.Debug|Any CPU.Build.0 = Debug|Any CPU
		{E14544DC-AAAD-477F-8B3D-F4D7F14DB537}.Release|Any CPU.ActiveCfg = Release|Any CPU
		{E14544DC-AAAD-477F-8B3D-F4D7F14DB537}.Release|Any CPU.Build.0 = Release|Any CPU
		{2AE1F678-D2A7-47D5-AF0E-D0FA90140A28}.Debug|Any CPU.ActiveCfg = Debug|Any CPU
		{2AE1F678-D2A7-47D5-AF0E-D0FA90140A28}.Debug|Any CPU.Build.0 = Debug|Any CPU
		{2AE1F678-D2A7-47D5-AF0E-D0FA90140A28}.Release|Any CPU.ActiveCfg = Release|Any CPU
		{2AE1F678-D2A7-47D5-AF0E-D0FA90140A28}.Release|Any CPU.Build.0 = Release|Any CPU
		{CEE429BC-800E-4F64-817B-AE98E0F2DCAB}.Debug|Any CPU.ActiveCfg = Debug|Any CPU
		{CEE429BC-800E-4F64-817B-AE98E0F2DCAB}.Debug|Any CPU.Build.0 = Debug|Any CPU
		{CEE429BC-800E-4F64-817B-AE98E0F2DCAB}.Release|Any CPU.ActiveCfg = Release|Any CPU
		{CEE429BC-800E-4F64-817B-AE98E0F2DCAB}.Release|Any CPU.Build.0 = Release|Any CPU
		{8BB4888F-1DA8-41A6-9B53-37A363F27B98}.Debug|Any CPU.ActiveCfg = Debug|Any CPU
		{8BB4888F-1DA8-41A6-9B53-37A363F27B98}.Debug|Any CPU.Build.0 = Debug|Any CPU
		{8BB4888F-1DA8-41A6-9B53-37A363F27B98}.Release|Any CPU.ActiveCfg = Release|Any CPU
		{8BB4888F-1DA8-41A6-9B53-37A363F27B98}.Release|Any CPU.Build.0 = Release|Any CPU
		{617D4139-7B43-4B3E-9511-89BBA50003C5}.Debug|Any CPU.ActiveCfg = Debug|Any CPU
		{617D4139-7B43-4B3E-9511-89BBA50003C5}.Debug|Any CPU.Build.0 = Debug|Any CPU
		{617D4139-7B43-4B3E-9511-89BBA50003C5}.Release|Any CPU.ActiveCfg = Release|Any CPU
		{617D4139-7B43-4B3E-9511-89BBA50003C5}.Release|Any CPU.Build.0 = Release|Any CPU
	EndGlobalSection
	GlobalSection(SolutionProperties) = preSolution
		HideSolutionNode = FALSE
	EndGlobalSection
EndGlobal
