
Microsoft Visual Studio Solution File, Format Version 12.00
# Visual Studio 14
VisualStudioVersion = 14.0.25420.1
MinimumVisualStudioVersion = 10.0.40219.1
Project("{FAE04EC0-301F-11D3-BF4B-00C04F79EFBC}") = "dragonfly.common", "..\..\dragonfly.common\dragonfly.common.csproj", "{9A72322C-0EF7-4A3E-BF03-7C4D7B944753}"
EndProject
Project("{FAE04EC0-301F-11D3-BF4B-00C04F79EFBC}") = "plugin.chalk", "plugin.chalk\plugin.chalk.csproj", "{5CDC5975-E941-470F-90A2-77972F8824E6}"
EndProject
Global
	GlobalSection(SolutionConfigurationPlatforms) = preSolution
		Debug|Any CPU = Debug|Any CPU
		Release|Any CPU = Release|Any CPU
	EndGlobalSection
	GlobalSection(ProjectConfigurationPlatforms) = postSolution
		{9A72322C-0EF7-4A3E-BF03-7C4D7B944753}.Debug|Any CPU.ActiveCfg = Debug|Any CPU
		{9A72322C-0EF7-4A3E-BF03-7C4D7B944753}.Debug|Any CPU.Build.0 = Debug|Any CPU
		{9A72322C-0EF7-4A3E-BF03-7C4D7B944753}.Release|Any CPU.ActiveCfg = Release|Any CPU
		{9A72322C-0EF7-4A3E-BF03-7C4D7B944753}.Release|Any CPU.Build.0 = Release|Any CPU
		{5CDC5975-E941-470F-90A2-77972F8824E6}.Debug|Any CPU.ActiveCfg = Debug|Any CPU
		{5CDC5975-E941-470F-90A2-77972F8824E6}.Debug|Any CPU.Build.0 = Debug|Any CPU
		{5CDC5975-E941-470F-90A2-77972F8824E6}.Release|Any CPU.ActiveCfg = Release|Any CPU
		{5CDC5975-E941-470F-90A2-77972F8824E6}.Release|Any CPU.Build.0 = Release|Any CPU
	EndGlobalSection
	GlobalSection(SolutionProperties) = preSolution
		HideSolutionNode = FALSE
	EndGlobalSection
EndGlobal
